PODS:
  - FFmpegTutorial (0.5.20):
    - FFmpegTutorial/0x00 (= 0.5.20)
    - FFmpegTutorial/0x01 (= 0.5.20)
    - FFmpegTutorial/0x02 (= 0.5.20)
    - FFmpegTutorial/0x03 (= 0.5.20)
    - FFmpegTutorial/0x04 (= 0.5.20)
    - FFmpegTutorial/0x05 (= 0.5.20)
    - FFmpegTutorial/0x06 (= 0.5.20)
    - FFmpegTutorial/0x10 (= 0.5.20)
    - FFmpegTutorial/0x20 (= 0.5.20)
    - FFmpegTutorial/0x30 (= 0.5.20)
    - FFmpegTutorial/0x31 (= 0.5.20)
    - FFmpegTutorial/0x32 (= 0.5.20)
    - FFmpegTutorial/0x33 (= 0.5.20)
    - FFmpegTutorial/0x34 (= 0.5.20)
    - FFmpegTutorial/0x35 (= 0.5.20)
    - FFmpegTutorial/0x36 (= 0.5.20)
    - FFmpegTutorial/0x50 (= 0.5.20)
    - FFmpegTutorial/common (= 0.5.20)
  - FFmpegTutorial/0x00 (0.5.20)
  - FFmpegTutorial/0x01 (0.5.20)
  - FFmpegTutorial/0x02 (0.5.20)
  - FFmpegTutorial/0x03 (0.5.20)
  - FFmpegTutorial/0x04 (0.5.20)
  - FFmpegTutorial/0x05 (0.5.20)
  - FFmpegTutorial/0x06 (0.5.20)
  - FFmpegTutorial/0x10 (0.5.20)
  - FFmpegTutorial/0x20 (0.5.20)
  - FFmpegTutorial/0x30 (0.5.20)
  - FFmpegTutorial/0x31 (0.5.20)
  - FFmpegTutorial/0x32 (0.5.20)
  - FFmpegTutorial/0x33 (0.5.20)
  - FFmpegTutorial/0x34 (0.5.20)
  - FFmpegTutorial/0x35 (0.5.20)
  - FFmpegTutorial/0x36 (0.5.20)
  - FFmpegTutorial/0x50 (0.5.20)
  - FFmpegTutorial/common (0.5.20)
  - Masonry (1.1.0)

DEPENDENCIES:
  - FFmpegTutorial (from `../../`)
  - Masonry

SPEC REPOS:
  trunk:
    - Masonry

EXTERNAL SOURCES:
  FFmpegTutorial:
    :path: "../../"

SPEC CHECKSUMS:
  FFmpegTutorial: bcd1e42c97a7151b411b50a4006c29a36c06409a
  Masonry: 678fab65091a9290e40e2832a55e7ab731aad201

PODFILE CHECKSUM: 3ca180b482220ab107d313aab906fd6da209163d

COCOAPODS: 1.9.3
